{
  "name": "taggenerator",
  "version": "1.0.0",
  "lockfileVersion": 3,
  "requires": true,
  "packages": {
    "": {
      "name": "taggenerator",
      "version": "1.0.0",
      "license": "ISC",
      "dependencies": {
        "@napi-rs/canvas": "^0.1.69",
        "culori": "^4.0.1",
        "yaml": "^2.3.4"
      }
    },
    "node_modules/@napi-rs/canvas": {
      "version": "0.1.69",
      "resolved": "https://registry.npmjs.org/@napi-rs/canvas/-/canvas-0.1.69.tgz",
      "integrity": "sha512-ydvNeJMRm+l3T14yCoUKqjYQiEdXDq1isznI93LEBGYssXKfSaLNLHOkeM4z9Fnw9Pkt2EKOCAtW9cS4b00Zcg==",
      "license": "MIT",
      "engines": {
        "node": ">= 10"
      },
      "optionalDependencies": {
        "@napi-rs/canvas-android-arm64": "0.1.69",
        "@napi-rs/canvas-darwin-arm64": "0.1.69",
        "@napi-rs/canvas-darwin-x64": "0.1.69",
        "@napi-rs/canvas-linux-arm-gnueabihf": "0.1.69",
        "@napi-rs/canvas-linux-arm64-gnu": "0.1.69",
        "@napi-rs/canvas-linux-arm64-musl": "0.1.69",
        "@napi-rs/canvas-linux-riscv64-gnu": "0.1.69",
        "@napi-rs/canvas-linux-x64-gnu": "0.1.69",
        "@napi-rs/canvas-linux-x64-musl": "0.1.69",
        "@napi-rs/canvas-win32-x64-msvc": "0.1.69"
      }
    },
    "node_modules/@napi-rs/canvas-android-arm64": {
      "version": "0.1.69",
      "resolved": "https://registry.npmjs.org/@napi-rs/canvas-android-arm64/-/canvas-android-arm64-0.1.69.tgz",
      "integrity": "sha512-4icWTByY8zPvM9SelfQKf3I6kwXw0aI5drBOVrwfER5kjwXJd78FPSDSZkxDHjvIo9Q86ljl18Yr963ehA4sHQ==",
      "cpu": [
        "arm64"
      ],
      "license": "MIT",
      "optional": true,
      "os": [
        "android"
      ],
      "engines": {
        "node": ">= 10"
      }
    },
    "node_modules/@napi-rs/canvas-darwin-arm64": {
      "version": "0.1.69",
      "resolved": "https://registry.npmjs.org/@napi-rs/canvas-darwin-arm64/-/canvas-darwin-arm64-0.1.69.tgz",
      "integrity": "sha512-HOanhhYlHdukA+unjelT4Dg3ta7e820x87/AG2dKUMsUzH19jaeZs9bcYjzEy2vYi/dFWKz7cSv2yaIOudB8Yg==",
      "cpu": [
        "arm64"
      ],
      "license": "MIT",
      "optional": true,
      "os": [
        "darwin"
      ],
      "engines": {
        "node": ">= 10"
      }
    },
    "node_modules/@napi-rs/canvas-darwin-x64": {
      "version": "0.1.69",
      "resolved": "https://registry.npmjs.org/@napi-rs/canvas-darwin-x64/-/canvas-darwin-x64-0.1.69.tgz",
      "integrity": "sha512-SIp7WfhxAPnSVK9bkFfJp+84rbATCIq9jMUzDwpCLhQ+v+OqtXe4pggX1oeV+62/HK6BT1t18qRmJfyqwJ9f3g==",
      "cpu": [
        "x64"
      ],
      "license": "MIT",
      "optional": true,
      "os": [
        "darwin"
      ],
      "engines": {
        "node": ">= 10"
      }
    },
    "node_modules/@napi-rs/canvas-linux-arm-gnueabihf": {
      "version": "0.1.69",
      "resolved": "https://registry.npmjs.org/@napi-rs/canvas-linux-arm-gnueabihf/-/canvas-linux-arm-gnueabihf-0.1.69.tgz",
      "integrity": "sha512-Ls+KujCp6TGpkuMVFvrlx+CxtL+casdkrprFjqIuOAnB30Mct6bCEr+I83Tu29s3nNq4EzIGjdmA3fFAZG/Dtw==",
      "cpu": [
        "arm"
      ],
      "license": "MIT",
      "optional": true,
      "os": [
        "linux"
      ],
      "engines": {
        "node": ">= 10"
      }
    },
    "node_modules/@napi-rs/canvas-linux-arm64-gnu": {
      "version": "0.1.69",
      "resolved": "https://registry.npmjs.org/@napi-rs/canvas-linux-arm64-gnu/-/canvas-linux-arm64-gnu-0.1.69.tgz",
      "integrity": "sha512-m8VcGmeSBNRbHZBd1srvdM1aq/ScS2y8KqGqmCCEgJlytYK4jdULzAo2K/BPKE1v3xvn8oUPZDLI/NBJbJkEoA==",
      "cpu": [
        "arm64"
      ],
      "license": "MIT",
      "optional": true,
      "os": [
        "linux"
      ],
      "engines": {
        "node": ">= 10"
      }
    },
    "node_modules/@napi-rs/canvas-linux-arm64-musl": {
      "version": "0.1.69",
      "resolved": "https://registry.npmjs.org/@napi-rs/canvas-linux-arm64-musl/-/canvas-linux-arm64-musl-0.1.69.tgz",
      "integrity": "sha512-a3xjNRIeK2m2ZORGv2moBvv3vbkaFZG1QKMeiEv/BKij+rkztuEhTJGMar+buICFgS0fLgphXXsKNkUSJb7eRQ==",
      "cpu": [
        "arm64"
      ],
      "license": "MIT",
      "optional": true,
      "os": [
        "linux"
      ],
      "engines": {
        "node": ">= 10"
      }
    },
    "node_modules/@napi-rs/canvas-linux-riscv64-gnu": {
      "version": "0.1.69",
      "resolved": "https://registry.npmjs.org/@napi-rs/canvas-linux-riscv64-gnu/-/canvas-linux-riscv64-gnu-0.1.69.tgz",
      "integrity": "sha512-pClUoJF5wdC9AvD0mc15G9JffL1Q85nuH1rLSQPRkGmGmQOtRjw5E9xNbanz7oFUiPbjH7xcAXUjVAcf7tdgPQ==",
      "cpu": [
        "riscv64"
      ],
      "license": "MIT",
      "optional": true,
      "os": [
        "linux"
      ],
      "engines": {
        "node": ">= 10"
      }
    },
    "node_modules/@napi-rs/canvas-linux-x64-gnu": {
      "version": "0.1.69",
      "resolved": "https://registry.npmjs.org/@napi-rs/canvas-linux-x64-gnu/-/canvas-linux-x64-gnu-0.1.69.tgz",
      "integrity": "sha512-96X3bFAmzemfw84Ts6Jg/omL86uuynvK06MWGR/mp3JYNumY9RXofA14eF/kJIYelbYFWXcwpbcBR71lJ6G/YQ==",
      "cpu": [
        "x64"
      ],
      "license": "MIT",
      "optional": true,
      "os": [
        "linux"
      ],
      "engines": {
        "node": ">= 10"
      }
    },
    "node_modules/@napi-rs/canvas-linux-x64-musl": {
      "version": "0.1.69",
      "resolved": "https://registry.npmjs.org/@napi-rs/canvas-linux-x64-musl/-/canvas-linux-x64-musl-0.1.69.tgz",
      "integrity": "sha512-2QTsEFO72Kwkj53W9hc5y1FAUvdGx0V+pjJB+9oQF6Ys9+y989GyPIl5wZDzeh8nIJW6koZZ1eFa8pD+pA5BFQ==",
      "cpu": [
        "x64"
      ],
      "license": "MIT",
      "optional": true,
      "os": [
        "linux"
      ],
      "engines": {
        "node": ">= 10"
      }
    },
    "node_modules/@napi-rs/canvas-win32-x64-msvc": {
      "version": "0.1.69",
      "resolved": "https://registry.npmjs.org/@napi-rs/canvas-win32-x64-msvc/-/canvas-win32-x64-msvc-0.1.69.tgz",
      "integrity": "sha512-Q4YA8kVnKarApBVLu7F8icGlIfSll5Glswo5hY6gPS4Is2dCI8+ig9OeDM8RlwYevUIxKq8lZBypN8Q1iLAQ7w==",
      "cpu": [
        "x64"
      ],
      "license": "MIT",
      "optional": true,
      "os": [
        "win32"
      ],
      "engines": {
        "node": ">= 10"
      }
    },
    "node_modules/culori": {
      "version": "4.0.1",
      "resolved": "https://registry.npmjs.org/culori/-/culori-4.0.1.tgz",
      "integrity": "sha512-LSnjA6HuIUOlkfKVbzi2OlToZE8OjFi667JWN9qNymXVXzGDmvuP60SSgC+e92sd7B7158f7Fy3Mb6rXS5EDPw==",
      "license": "MIT",
      "engines": {
        "node": "^12.20.0 || ^14.13.1 || >=16.0.0"
      }
    },
    "node_modules/yaml": {
      "version": "2.7.1",
      "resolved": "https://registry.npmjs.org/yaml/-/yaml-2.7.1.tgz",
      "integrity": "sha512-10ULxpnOCQXxJvBgxsn9ptjq6uviG/htZKk9veJGhlqn3w/DxQ631zFF+nlQXLwmImeS5amR2dl2U8sg6U9jsQ==",
      "license": "ISC",
      "bin": {
        "yaml": "bin.mjs"
      },
      "engines": {
        "node": ">= 14"
      }
    }
  }
}
